
Microsoft Visual Studio Solution File, Format Version 12.00
# Visual Studio Version 17
VisualStudioVersion = 17.8.34330.188
MinimumVisualStudioVersion = 10.0.40219.1
Project("{9A19103F-16F7-4668-BE54-9A1E7A4F7556}") = "Implicitly typed local variable", "..\Implicitly typed local variable\Implicitly typed local variable.csproj", "{2B5DB615-A918-484E-B1C3-731F234173B4}"
EndProject
Project("{9A19103F-16F7-4668-BE54-9A1E7A4F7556}") = "AnonymousObjects", "..\AnonymousObjects\AnonymousObjects.csproj", "{70A15A48-D565-4559-A6B1-EC06A4941E55}"
EndProject
Project("{9A19103F-16F7-4668-BE54-9A1E7A4F7556}") = "ExtensionMethods", "..\ExtensionMethods\ExtensionMethods.csproj", "{9E89FF6A-6A17-4F24-890D-86FF8E15AE82}"
EndProject
Project("{9A19103F-16F7-4668-BE54-9A1E7A4F7556}") = "Sequences", "..\Sequences\Sequences.csproj", "{F63765DD-C25C-4DAF-912C-8D3E48E45B55}"
EndProject
Project("{FAE04EC0-301F-11D3-BF4B-00C04F79EFBC}") = "LINQ with data", "LINQ with data\LINQ with data.csproj", "{BB84A4F8-B9B7-4211-B964-5D1D2BCC7521}"
EndProject
Project("{FAE04EC0-301F-11D3-BF4B-00C04F79EFBC}") = "Built-in  Extension Methods", "Built-in  Extension Methods\Built-in  Extension Methods.csproj", "{D62D167C-4F85-4C87-B5FE-29E8A3F88FB2}"
EndProject
Global
	GlobalSection(SolutionConfigurationPlatforms) = preSolution
		Debug|Any CPU = Debug|Any CPU
		Release|Any CPU = Release|Any CPU
	EndGlobalSection
	GlobalSection(ProjectConfigurationPlatforms) = postSolution
		{2B5DB615-A918-484E-B1C3-731F234173B4}.Debug|Any CPU.ActiveCfg = Debug|Any CPU
		{2B5DB615-A918-484E-B1C3-731F234173B4}.Debug|Any CPU.Build.0 = Debug|Any CPU
		{2B5DB615-A918-484E-B1C3-731F234173B4}.Release|Any CPU.ActiveCfg = Release|Any CPU
		{2B5DB615-A918-484E-B1C3-731F234173B4}.Release|Any CPU.Build.0 = Release|Any CPU
		{70A15A48-D565-4559-A6B1-EC06A4941E55}.Debug|Any CPU.ActiveCfg = Debug|Any CPU
		{70A15A48-D565-4559-A6B1-EC06A4941E55}.Debug|Any CPU.Build.0 = Debug|Any CPU
		{70A15A48-D565-4559-A6B1-EC06A4941E55}.Release|Any CPU.ActiveCfg = Release|Any CPU
		{70A15A48-D565-4559-A6B1-EC06A4941E55}.Release|Any CPU.Build.0 = Release|Any CPU
		{9E89FF6A-6A17-4F24-890D-86FF8E15AE82}.Debug|Any CPU.ActiveCfg = Debug|Any CPU
		{9E89FF6A-6A17-4F24-890D-86FF8E15AE82}.Debug|Any CPU.Build.0 = Debug|Any CPU
		{9E89FF6A-6A17-4F24-890D-86FF8E15AE82}.Release|Any CPU.ActiveCfg = Release|Any CPU
		{9E89FF6A-6A17-4F24-890D-86FF8E15AE82}.Release|Any CPU.Build.0 = Release|Any CPU
		{F63765DD-C25C-4DAF-912C-8D3E48E45B55}.Debug|Any CPU.ActiveCfg = Debug|Any CPU
		{F63765DD-C25C-4DAF-912C-8D3E48E45B55}.Debug|Any CPU.Build.0 = Debug|Any CPU
		{F63765DD-C25C-4DAF-912C-8D3E48E45B55}.Release|Any CPU.ActiveCfg = Release|Any CPU
		{F63765DD-C25C-4DAF-912C-8D3E48E45B55}.Release|Any CPU.Build.0 = Release|Any CPU
		{BB84A4F8-B9B7-4211-B964-5D1D2BCC7521}.Debug|Any CPU.ActiveCfg = Debug|Any CPU
		{BB84A4F8-B9B7-4211-B964-5D1D2BCC7521}.Debug|Any CPU.Build.0 = Debug|Any CPU
		{BB84A4F8-B9B7-4211-B964-5D1D2BCC7521}.Release|Any CPU.ActiveCfg = Release|Any CPU
		{BB84A4F8-B9B7-4211-B964-5D1D2BCC7521}.Release|Any CPU.Build.0 = Release|Any CPU
		{D62D167C-4F85-4C87-B5FE-29E8A3F88FB2}.Debug|Any CPU.ActiveCfg = Debug|Any CPU
		{D62D167C-4F85-4C87-B5FE-29E8A3F88FB2}.Debug|Any CPU.Build.0 = Debug|Any CPU
		{D62D167C-4F85-4C87-B5FE-29E8A3F88FB2}.Release|Any CPU.ActiveCfg = Release|Any CPU
		{D62D167C-4F85-4C87-B5FE-29E8A3F88FB2}.Release|Any CPU.Build.0 = Release|Any CPU
	EndGlobalSection
	GlobalSection(SolutionProperties) = preSolution
		HideSolutionNode = FALSE
	EndGlobalSection
	GlobalSection(ExtensibilityGlobals) = postSolution
		SolutionGuid = {B1B64038-4162-4F54-89C3-CF7826E1A506}
	EndGlobalSection
EndGlobal
